
Microsoft Visual Studio Solution File, Format Version 12.00
# Visual Studio 15
VisualStudioVersion = 15.0.27004.2002
MinimumVisualStudioVersion = 10.0.40219.1
Project("{FAE04EC0-301F-11D3-BF4B-00C04F79EFBC}") = "LinkQDemos", "LinkQDemos\LinkQDemos.csproj", "{EA6A4D27-FEE3-4D46-A173-6EEEB771AF90}"
EndProject
Global
	GlobalSection(SolutionConfigurationPlatforms) = preSolution
		Debug|Any CPU = Debug|Any CPU
		Release|Any CPU = Release|Any CPU
	EndGlobalSection
	GlobalSection(ProjectConfigurationPlatforms) = postSolution
		{EA6A4D27-FEE3-4D46-A173-6EEEB771AF90}.Debug|Any CPU.ActiveCfg = Debug|Any CPU
		{EA6A4D27-FEE3-4D46-A173-6EEEB771AF90}.Debug|Any CPU.Build.0 = Debug|Any CPU
		{EA6A4D27-FEE3-4D46-A173-6EEEB771AF90}.Release|Any CPU.ActiveCfg = Release|Any CPU
		{EA6A4D27-FEE3-4D46-A173-6EEEB771AF90}.Release|Any CPU.Build.0 = Release|Any CPU
	EndGlobalSection
	GlobalSection(SolutionProperties) = preSolution
		HideSolutionNode = FALSE
	EndGlobalSection
	GlobalSection(ExtensibilityGlobals) = postSolution
		SolutionGuid = {E2B46209-2985-4AFA-B403-164E5BD1DCC0}
	EndGlobalSection
EndGlobal
